
Microsoft Visual Studio Solution File, Format Version 12.00
# Visual Studio 15
VisualStudioVersion = 15.0.27428.2002
MinimumVisualStudioVersion = 10.0.40219.1
Project("{FAE04EC0-301F-11D3-BF4B-00C04F79EFBC}") = "InventoryManagementWinFromApp", "InventoryManagementWinFromApp\InventoryManagementWinFromApp.csproj", "{ACE9C0C5-557C-444E-A31C-0E503E9F07C0}"
EndProject
Project("{FAE04EC0-301F-11D3-BF4B-00C04F79EFBC}") = "InventoryManagement.Presentation", "InventoryManagement.Presentation\InventoryManagement.Presentation.csproj", "{8CC31C59-3C5A-4309-9CC5-641A9A9C81AB}"
EndProject
Global
	GlobalSection(SolutionConfigurationPlatforms) = preSolution
		Debug|Any CPU = Debug|Any CPU
		Release|Any CPU = Release|Any CPU
	EndGlobalSection
	GlobalSection(ProjectConfigurationPlatforms) = postSolution
		{ACE9C0C5-557C-444E-A31C-0E503E9F07C0}.Debug|Any CPU.ActiveCfg = Debug|Any CPU
		{ACE9C0C5-557C-444E-A31C-0E503E9F07C0}.Debug|Any CPU.Build.0 = Debug|Any CPU
		{ACE9C0C5-557C-444E-A31C-0E503E9F07C0}.Release|Any CPU.ActiveCfg = Release|Any CPU
		{ACE9C0C5-557C-444E-A31C-0E503E9F07C0}.Release|Any CPU.Build.0 = Release|Any CPU
		{8CC31C59-3C5A-4309-9CC5-641A9A9C81AB}.Debug|Any CPU.ActiveCfg = Debug|Any CPU
		{8CC31C59-3C5A-4309-9CC5-641A9A9C81AB}.Debug|Any CPU.Build.0 = Debug|Any CPU
		{8CC31C59-3C5A-4309-9CC5-641A9A9C81AB}.Release|Any CPU.ActiveCfg = Release|Any CPU
		{8CC31C59-3C5A-4309-9CC5-641A9A9C81AB}.Release|Any CPU.Build.0 = Release|Any CPU
	EndGlobalSection
	GlobalSection(SolutionProperties) = preSolution
		HideSolutionNode = FALSE
	EndGlobalSection
	GlobalSection(ExtensibilityGlobals) = postSolution
		SolutionGuid = {2B66483B-EACF-4DA9-9FAA-3B86D7519887}
	EndGlobalSection
EndGlobal
